
Microsoft Visual Studio Solution File, Format Version 12.00
# Visual Studio Version 17
VisualStudioVersion = 17.0.32014.148
MinimumVisualStudioVersion = 10.0.40219.1
Project("{9A19103F-16F7-4668-BE54-9A1E7A4F7556}") = "KopkeHome-BusinessLayer", "..\KopkeHome-BusinessLayer\KopkeHome-BusinessLayer.csproj", "{66AAC885-6B73-42EB-9E20-16E5914F08ED}"
EndProject
Project("{9A19103F-16F7-4668-BE54-9A1E7A4F7556}") = "KopkeHome-DataAccessLayer", "..\KopkeHome-DataAccessLayer\KopkeHome-DataAccessLayer.csproj", "{BB3E98FD-3F85-454C-9E58-E6824BF9A373}"
EndProject
Project("{9A19103F-16F7-4668-BE54-9A1E7A4F7556}") = "KopkeHome-LogManager", "..\KopkeHome-LogManager\KopkeHome-LogManager.csproj", "{E94A9CD3-DA45-4806-AE97-00B6F2902513}"
EndProject
Project("{9A19103F-16F7-4668-BE54-9A1E7A4F7556}") = "KopkeHome-ModelLayer", "..\KopkeHome-ModelLayer\KopkeHome-ModelLayer.csproj", "{044C6FE7-214D-45DD-BAC5-DC863B5D6C83}"
EndProject
Project("{9A19103F-16F7-4668-BE54-9A1E7A4F7556}") = "KopkeHome-UtilityLayer", "..\KopkeHome-UtilityLayer\KopkeHome-UtilityLayer.csproj", "{A788BB0F-63B0-48E0-BE09-110E2B3C5207}"
EndProject
Project("{9A19103F-16F7-4668-BE54-9A1E7A4F7556}") = "KopkeHome_WebApp", "KopkeHome-WebApp\KopkeHome_WebApp.csproj", "{54C01D20-242D-46A1-A065-EB4E349ED09F}"
EndProject
Project("{9A19103F-16F7-4668-BE54-9A1E7A4F7556}") = "KopkeHome-FMRS_API", "..\KopkeHome-FMRS_API\KopkeHome-FMRS_API.csproj", "{C893A165-D72D-42A1-9001-252479F583E7}"
EndProject
Global
	GlobalSection(SolutionConfigurationPlatforms) = preSolution
		Debug|Any CPU = Debug|Any CPU
		Release|Any CPU = Release|Any CPU
	EndGlobalSection
	GlobalSection(ProjectConfigurationPlatforms) = postSolution
		{66AAC885-6B73-42EB-9E20-16E5914F08ED}.Debug|Any CPU.ActiveCfg = Debug|Any CPU
		{66AAC885-6B73-42EB-9E20-16E5914F08ED}.Debug|Any CPU.Build.0 = Debug|Any CPU
		{66AAC885-6B73-42EB-9E20-16E5914F08ED}.Release|Any CPU.ActiveCfg = Release|Any CPU
		{66AAC885-6B73-42EB-9E20-16E5914F08ED}.Release|Any CPU.Build.0 = Release|Any CPU
		{BB3E98FD-3F85-454C-9E58-E6824BF9A373}.Debug|Any CPU.ActiveCfg = Debug|Any CPU
		{BB3E98FD-3F85-454C-9E58-E6824BF9A373}.Debug|Any CPU.Build.0 = Debug|Any CPU
		{BB3E98FD-3F85-454C-9E58-E6824BF9A373}.Release|Any CPU.ActiveCfg = Release|Any CPU
		{BB3E98FD-3F85-454C-9E58-E6824BF9A373}.Release|Any CPU.Build.0 = Release|Any CPU
		{E94A9CD3-DA45-4806-AE97-00B6F2902513}.Debug|Any CPU.ActiveCfg = Debug|Any CPU
		{E94A9CD3-DA45-4806-AE97-00B6F2902513}.Debug|Any CPU.Build.0 = Debug|Any CPU
		{E94A9CD3-DA45-4806-AE97-00B6F2902513}.Release|Any CPU.ActiveCfg = Release|Any CPU
		{E94A9CD3-DA45-4806-AE97-00B6F2902513}.Release|Any CPU.Build.0 = Release|Any CPU
		{044C6FE7-214D-45DD-BAC5-DC863B5D6C83}.Debug|Any CPU.ActiveCfg = Debug|Any CPU
		{044C6FE7-214D-45DD-BAC5-DC863B5D6C83}.Debug|Any CPU.Build.0 = Debug|Any CPU
		{044C6FE7-214D-45DD-BAC5-DC863B5D6C83}.Release|Any CPU.ActiveCfg = Release|Any CPU
		{044C6FE7-214D-45DD-BAC5-DC863B5D6C83}.Release|Any CPU.Build.0 = Release|Any CPU
		{A788BB0F-63B0-48E0-BE09-110E2B3C5207}.Debug|Any CPU.ActiveCfg = Debug|Any CPU
		{A788BB0F-63B0-48E0-BE09-110E2B3C5207}.Debug|Any CPU.Build.0 = Debug|Any CPU
		{A788BB0F-63B0-48E0-BE09-110E2B3C5207}.Release|Any CPU.ActiveCfg = Release|Any CPU
		{A788BB0F-63B0-48E0-BE09-110E2B3C5207}.Release|Any CPU.Build.0 = Release|Any CPU
		{54C01D20-242D-46A1-A065-EB4E349ED09F}.Debug|Any CPU.ActiveCfg = Debug|Any CPU
		{54C01D20-242D-46A1-A065-EB4E349ED09F}.Debug|Any CPU.Build.0 = Debug|Any CPU
		{54C01D20-242D-46A1-A065-EB4E349ED09F}.Release|Any CPU.ActiveCfg = Release|Any CPU
		{54C01D20-242D-46A1-A065-EB4E349ED09F}.Release|Any CPU.Build.0 = Release|Any CPU
		{C893A165-D72D-42A1-9001-252479F583E7}.Debug|Any CPU.ActiveCfg = Debug|Any CPU
		{C893A165-D72D-42A1-9001-252479F583E7}.Debug|Any CPU.Build.0 = Debug|Any CPU
		{C893A165-D72D-42A1-9001-252479F583E7}.Release|Any CPU.ActiveCfg = Release|Any CPU
		{C893A165-D72D-42A1-9001-252479F583E7}.Release|Any CPU.Build.0 = Release|Any CPU
	EndGlobalSection
	GlobalSection(SolutionProperties) = preSolution
		HideSolutionNode = FALSE
	EndGlobalSection
	GlobalSection(ExtensibilityGlobals) = postSolution
		SolutionGuid = {547A20FE-A7DC-44D6-B1B3-42013BE089F0}
	EndGlobalSection
	GlobalSection(TeamFoundationVersionControl) = preSolution
		SccNumberOfProjects = 8
		SccEnterpriseProvider = {4CA58AB2-18FA-4F8D-95D4-32DDF27D184C}
		SccTeamFoundationServer = https://tfs01.chetu.com/tfs/chetuprojects
		SccLocalPath0 = .
		SccProjectUniqueName1 = ..\\KopkeHome-BusinessLayer\\KopkeHome-BusinessLayer.csproj
		SccProjectName1 = ../KopkeHome-BusinessLayer
		SccLocalPath1 = ..\\KopkeHome-BusinessLayer
		SccProjectUniqueName2 = ..\\KopkeHome-DataAccessLayer\\KopkeHome-DataAccessLayer.csproj
		SccProjectName2 = ../KopkeHome-DataAccessLayer
		SccLocalPath2 = ..\\KopkeHome-DataAccessLayer
		SccProjectUniqueName3 = ..\\KopkeHome-FMRS_API\\KopkeHome-FMRS_API.csproj
		SccProjectName3 = ../KopkeHome-FMRS_API
		SccLocalPath3 = ..\\KopkeHome-FMRS_API
		SccProjectUniqueName4 = ..\\KopkeHome-LogManager\\KopkeHome-LogManager.csproj
		SccProjectName4 = ../KopkeHome-LogManager
		SccLocalPath4 = ..\\KopkeHome-LogManager
		SccProjectUniqueName5 = ..\\KopkeHome-ModelLayer\\KopkeHome-ModelLayer.csproj
		SccProjectName5 = ../KopkeHome-ModelLayer
		SccLocalPath5 = ..\\KopkeHome-ModelLayer
		SccProjectUniqueName6 = ..\\KopkeHome-UtilityLayer\\KopkeHome-UtilityLayer.csproj
		SccProjectName6 = ../KopkeHome-UtilityLayer
		SccLocalPath6 = ..\\KopkeHome-UtilityLayer
		SccProjectUniqueName7 = KopkeHome-WebApp\\KopkeHome_WebApp.csproj
		SccProjectName7 = KopkeHome-WebApp
		SccLocalPath7 = KopkeHome-WebApp
	EndGlobalSection
EndGlobal
